
Microsoft Visual Studio Solution File, Format Version 12.00
# Visual Studio Version 16
VisualStudioVersion = 16.0.30611.23
MinimumVisualStudioVersion = 10.0.40219.1
Project("{9A19103F-16F7-4668-BE54-9A1E7A4F7556}") = "Npgg.ConsoleTable", "Npgg.ConsoleTable\Npgg.ConsoleTable.csproj", "{005B11DC-59E1-4C33-B8AB-9F952B466FF4}"
EndProject
Project("{9A19103F-16F7-4668-BE54-9A1E7A4F7556}") = "Npgg.ConsoleTable.Tests", "Npgg.ConsoleTable.Tests\Npgg.ConsoleTable.Tests.csproj", "{D9840424-5D1B-4081-BCEA-A61BF63AD6F1}"
EndProject
Project("{9A19103F-16F7-4668-BE54-9A1E7A4F7556}") = "Example", "Example\Example.csproj", "{CE908647-FEDD-45A0-AF58-DF8C96FA0CF5}"
EndProject
Project("{2150E333-8FDC-42A3-9474-1A3956D46DE8}") = "github action", "github action", "{98326678-3E87-4B57-B83B-457E240D4913}"
	ProjectSection(SolutionItems) = preProject
		..\.github\workflows\nuget-publish.yml = ..\.github\workflows\nuget-publish.yml
	EndProjectSection
EndProject
Project("{FAE04EC0-301F-11D3-BF4B-00C04F79EFBC}") = "BarChartExample", "BarChartExample\BarChartExample.csproj", "{C310EFB4-BF3F-43E8-9906-C317368B0252}"
EndProject
Global
	GlobalSection(SolutionConfigurationPlatforms) = preSolution
		Debug|Any CPU = Debug|Any CPU
		Release|Any CPU = Release|Any CPU
	EndGlobalSection
	GlobalSection(ProjectConfigurationPlatforms) = postSolution
		{005B11DC-59E1-4C33-B8AB-9F952B466FF4}.Debug|Any CPU.ActiveCfg = Debug|Any CPU
		{005B11DC-59E1-4C33-B8AB-9F952B466FF4}.Debug|Any CPU.Build.0 = Debug|Any CPU
		{005B11DC-59E1-4C33-B8AB-9F952B466FF4}.Release|Any CPU.ActiveCfg = Release|Any CPU
		{005B11DC-59E1-4C33-B8AB-9F952B466FF4}.Release|Any CPU.Build.0 = Release|Any CPU
		{D9840424-5D1B-4081-BCEA-A61BF63AD6F1}.Debug|Any CPU.ActiveCfg = Debug|Any CPU
		{D9840424-5D1B-4081-BCEA-A61BF63AD6F1}.Debug|Any CPU.Build.0 = Debug|Any CPU
		{D9840424-5D1B-4081-BCEA-A61BF63AD6F1}.Release|Any CPU.ActiveCfg = Release|Any CPU
		{D9840424-5D1B-4081-BCEA-A61BF63AD6F1}.Release|Any CPU.Build.0 = Release|Any CPU
		{CE908647-FEDD-45A0-AF58-DF8C96FA0CF5}.Debug|Any CPU.ActiveCfg = Debug|Any CPU
		{CE908647-FEDD-45A0-AF58-DF8C96FA0CF5}.Debug|Any CPU.Build.0 = Debug|Any CPU
		{CE908647-FEDD-45A0-AF58-DF8C96FA0CF5}.Release|Any CPU.ActiveCfg = Release|Any CPU
		{CE908647-FEDD-45A0-AF58-DF8C96FA0CF5}.Release|Any CPU.Build.0 = Release|Any CPU
		{C310EFB4-BF3F-43E8-9906-C317368B0252}.Debug|Any CPU.ActiveCfg = Debug|Any CPU
		{C310EFB4-BF3F-43E8-9906-C317368B0252}.Debug|Any CPU.Build.0 = Debug|Any CPU
		{C310EFB4-BF3F-43E8-9906-C317368B0252}.Release|Any CPU.ActiveCfg = Release|Any CPU
		{C310EFB4-BF3F-43E8-9906-C317368B0252}.Release|Any CPU.Build.0 = Release|Any CPU
	EndGlobalSection
	GlobalSection(SolutionProperties) = preSolution
		HideSolutionNode = FALSE
	EndGlobalSection
	GlobalSection(ExtensibilityGlobals) = postSolution
		SolutionGuid = {3870DC78-DE9F-4193-9E12-CD1F4AA35798}
	EndGlobalSection
EndGlobal
